Microsoft Visual Studio Solution File, Format Version 12.00
# Visual Studio Version 17
VisualStudioVersion = 17.13.35617.110
MinimumVisualStudioVersion = 10.0.40219.1
Project("{FAE04EC0-301F-11D3-BF4B-00C04F79EFBC}") = "CoffeeShopApp", "CoffeeShopApp\CoffeeShopApp.csproj", "{7ADA2386-E3A7-47C2-BEE9-58FC3D894129}"
EndProject
Global
	GlobalSection(SolutionConfigurationPlatforms) = preSolution
		Debug|Any CPU = Debug|Any CPU
		Release|Any CPU = Release|Any CPU
	EndGlobalSection
	GlobalSection(ProjectConfigurationPlatforms) = postSolution
		{7ADA2386-E3A7-47C2-BEE9-58FC3D894129}.Debug|Any CPU.ActiveCfg = Debug|Any CPU
		{7ADA2386-E3A7-47C2-BEE9-58FC3D894129}.Debug|Any CPU.Build.0 = Debug|Any CPU
		{7ADA2386-E3A7-47C2-BEE9-58FC3D894129}.Release|Any CPU.ActiveCfg = Release|Any CPU
		{7ADA2386-E3A7-47C2-BEE9-58FC3D894129}.Release|Any CPU.Build.0 = Release|Any CPU
	EndGlobalSection
	GlobalSection(SolutionProperties) = preSolution
		HideSolutionNode = FALSE
	EndGlobalSection
	GlobalSection(ExtensibilityGlobals) = postSolution
		SolutionGuid = {C677CCDA-3A8C-4D07-8583-CB2E5E43E605}
	EndGlobalSection
EndGlobal
